// !$*UTF8*$!
{
	archiveVersion = 1;
	classes = {
	};
	objectVersion = 48;
	objects = {

/* Begin PBXBuildFile section */
		F524E0911F85A713003E8312 /* AppDelegate.swift in Sources */ = {isa = PBXBuildFile; fileRef = F524E0901F85A713003E8312 /* AppDelegate.swift */; };
		F524E0961F85A713003E8312 /* Main.storyboard in Resources */ = {isa = PBXBuildFile; fileRef = F524E0941F85A713003E8312 /* Main.storyboard */; };
		F524E0981F85A713003E8312 /* Assets.xcassets in Resources */ = {isa = PBXBuildFile; fileRef = F524E0971F85A713003E8312 /* Assets.xcassets */; };
		F524E09B1F85A713003E8312 /* LaunchScreen.storyboard in Resources */ = {isa = PBXBuildFile; fileRef = F524E0991F85A713003E8312 /* LaunchScreen.storyboard */; };
		F524E0A31F85A9CB003E8312 /* SwitchingViewController.swift in Sources */ = {isa = PBXBuildFile; fileRef = F524E0A21F85A9CB003E8312 /* SwitchingViewController.swift */; };
		F524E0A51F85AC4C003E8312 /* YellowViewController.swift in Sources */ = {isa = PBXBuildFile; fileRef = F524E0A41F85AC4C003E8312 /* YellowViewController.swift */; };
		F524E0A71F85AC5D003E8312 /* BlueViewController.swift in Sources */ = {isa = PBXBuildFile; fileRef = F524E0A61F85AC5D003E8312 /* BlueViewController.swift */; };
/* End PBXBuildFile section */

/* Begin PBXFileReference section */
		F524E08D1F85A713003E8312 /* MAPD-F2017-MultiviewApp.app */ = {isa = PBXFileReference; explicitFileType = wrapper.application; includeInIndex = 0; path = "MAPD-F2017-MultiviewApp.app"; sourceTree = BUILT_PRODUCTS_DIR; };
		F524E0901F85A713003E8312 /* AppDelegate.swift */ = {isa = PBXFileReference; lastKnownFileType = sourcecode.swift; path = AppDelegate.swift; sourceTree = "<group>"; };
		F524E0951F85A713003E8312 /* Base */ = {isa = PBXFileReference; lastKnownFileType = file.storyboard; name = Base; path = Base.lproj/Main.storyboard; sourceTree = "<group>"; };
		F524E0971F85A713003E8312 /* Assets.xcassets */ = {isa = PBXFileReference; lastKnownFileType = folder.assetcatalog; path = Assets.xcassets; sourceTree = "<group>"; };
		F524E09A1F85A713003E8312 /* Base */ = {isa = PBXFileReference; lastKnownFileType = file.storyboard; name = Base; path = Base.lproj/LaunchScreen.storyboard; sourceTree = "<group>"; };
		F524E09C1F85A713003E8312 /* Info.plist */ = {isa = PBXFileReference; lastKnownFileType = text.plist.xml; path = Info.plist; sourceTree = "<group>"; };
		F524E0A21F85A9CB003E8312 /* SwitchingViewController.swift */ = {isa = PBXFileReference; lastKnownFileType = sourcecode.swift; path = SwitchingViewController.swift; sourceTree = "<group>"; };
		F524E0A41F85AC4C003E8312 /* YellowViewController.swift */ = {isa = PBXFileReference; lastKnownFileType = sourcecode.swift; path = YellowViewController.swift; sourceTree = "<group>"; };
		F524E0A61F85AC5D003E8312 /* BlueViewController.swift */ = {isa = PBXFileReference; lastKnownFileType = sourcecode.swift; path = BlueViewController.swift; sourceTree = "<group>"; };
/* End PBXFileReference section */

/* Begin PBXFrameworksBuildPhase section */
		F524E08A1F85A713003E8312 /* Frameworks */ = {
			isa = PBXFrameworksBuildPhase;
			buildActionMask = 2147483647;
			files = (
			);
			runOnlyForDeploymentPostprocessing = 0;
		};
/* End PBXFrameworksBuildPhase section */

/* Begin PBXGroup section */
		F524E0841F85A713003E8312 = {
			isa = PBXGroup;
			children = (
				F524E08F1F85A713003E8312 /* MAPD-F2017-MultiviewApp */,
				F524E08E1F85A713003E8312 /* Products */,
			);
			sourceTree = "<group>";
		};
		F524E08E1F85A713003E8312 /* Products */ = {
			isa = PBXGroup;
			children = (
				F524E08D1F85A713003E8312 /* MAPD-F2017-MultiviewApp.app */,
			);
			name = Products;
			sourceTree = "<group>";
		};
		F524E08F1F85A713003E8312 /* MAPD-F2017-MultiviewApp */ = {
			isa = PBXGroup;
			children = (
				F524E0A21F85A9CB003E8312 /* SwitchingViewController.swift */,
				F524E0A41F85AC4C003E8312 /* YellowViewController.swift */,
				F524E0A61F85AC5D003E8312 /* BlueViewController.swift */,
				F524E0901F85A713003E8312 /* AppDelegate.swift */,
				F524E0941F85A713003E8312 /* Main.storyboard */,
				F524E0971F85A713003E8312 /* Assets.xcassets */,
				F524E0991F85A713003E8312 /* LaunchScreen.storyboard */,
				F524E09C1F85A713003E8312 /* Info.plist */,
			);
			path = "MAPD-F2017-MultiviewApp";
			sourceTree = "<group>";
		};
/* End PBXGroup section */

/* Begin PBXNativeTarget section */
		F524E08C1F85A713003E8312 /* MAPD-F2017-MultiviewApp */ = {
			isa = PBXNativeTarget;
			buildConfigurationList = F524E09F1F85A713003E8312 /* Build configuration list for PBXNativeTarget "MAPD-F2017-MultiviewApp" */;
			buildPhases = (
				F524E0891F85A713003E8312 /* Sources */,
				F524E08A1F85A713003E8312 /* Frameworks */,
				F524E08B1F85A713003E8312 /* Resources */,
			);
			buildRules = (
			);
			dependencies = (
			);
			name = "MAPD-F2017-MultiviewApp";
			productName = "MAPD-F2017-MultiviewApp";
			productReference = F524E08D1F85A713003E8312 /* MAPD-F2017-MultiviewApp.app */;
			productType = "com.apple.product-type.application";
		};
/* End PBXNativeTarget section */

/* Begin PBXProject section */
		F524E0851F85A713003E8312 /* Project object */ = {
			isa = PBXProject;
			attributes = {
				LastSwiftUpdateCheck = 0900;
				LastUpgradeCheck = 0900;
				ORGANIZATIONNAME = "Sergio de Almeida Brunacci";
				TargetAttributes = {
					F524E08C1F85A713003E8312 = {
						CreatedOnToolsVersion = 9.0;
						ProvisioningStyle = Automatic;
					};
				};
			};
			buildConfigurationList = F524E0881F85A713003E8312 /* Build configuration list for PBXProject "MAPD-F2017-MultiviewApp" */;
			compatibilityVersion = "Xcode 8.0";
			developmentRegion = en;
			hasScannedForEncodings = 0;
			knownRegions = (
				en,
				Base,
			);
			mainGroup = F524E0841F85A713003E8312;
			productRefGroup = F524E08E1F85A713003E8312 /* Products */;
			projectDirPath = "";
			projectRoot = "";
			targets = (
				F524E08C1F85A713003E8312 /* MAPD-F2017-MultiviewApp */,
			);
		};
/* End PBXProject section */

/* Begin PBXResourcesBuildPhase section */
		F524E08B1F85A713003E8312 /* Resources */ = {
			isa = PBXResourcesBuildPhase;
			buildActionMask = 2147483647;
			files = (
				F524E09B1F85A713003E8312 /* LaunchScreen.storyboard in Resources */,
				F524E0981F85A713003E8312 /* Assets.xcassets in Resources */,
				F524E0961F85A713003E8312 /* Main.storyboard in Resources */,
			);
			runOnlyForDeploymentPostprocessing = 0;
		};
/* End PBXResourcesBuildPhase section */

/* Begin PBXSourcesBuildPhase section */
		F524E0891F85A713003E8312 /* Sources */ = {
			isa = PBXSourcesBuildPhase;
			buildActionMask = 2147483647;
			files = (
				F524E0911F85A713003E8312 /* AppDelegate.swift in Sources */,
				F524E0A51F85AC4C003E8312 /* YellowViewController.swift in Sources */,
				F524E0A71F85AC5D003E8312 /* BlueViewController.swift in Sources */,
				F524E0A31F85A9CB003E8312 /* SwitchingViewController.swift in Sources */,
			);
			runOnlyForDeploymentPostprocessing = 0;
		};
/* End PBXSourcesBuildPhase section */

/* Begin PBXVariantGroup section */
		F524E0941F85A713003E8312 /* Main.storyboard */ = {
			isa = PBXVariantGroup;
			children = (
				F524E0951F85A713003E8312 /* Base */,
			);
			name = Main.storyboard;
			sourceTree = "<group>";
		};
		F524E0991F85A713003E8312 /* LaunchScreen.storyboard */ = {
			isa = PBXVariantGroup;
			children = (
				F524E09A1F85A713003E8312 /* Base */,
			);
			name = LaunchScreen.storyboard;
			sourceTree = "<group>";
		};
/* End PBXVariantGroup section */

/* Begin XCBuildConfiguration section */
		F524E09D1F85A713003E8312 /* Debug */ = {
			isa = XCBuildConfiguration;
			buildSettings = {
				ALWAYS_SEARCH_USER_PATHS = NO;
				CLANG_ANALYZER_NONNULL = YES;
				CLANG_ANALYZER_NUMBER_OBJECT_CONVERSION = YES_AGGRESSIVE;
				CLANG_CXX_LANGUAGE_STANDARD = "gnu++14";
				CLANG_CXX_LIBRARY = "libc++";
				CLANG_ENABLE_MODULES = YES;
				CLANG_ENABLE_OBJC_ARC = YES;
				CLANG_WARN_BLOCK_CAPTURE_AUTORELEASING = YES;
				CLANG_WARN_BOOL_CONVERSION = YES;
				CLANG_WARN_COMMA = YES;
				CLANG_WARN_CONSTANT_CONVERSION = YES;
				CLANG_WARN_DIRECT_OBJC_ISA_USAGE = YES_ERROR;
				CLANG_WARN_DOCUMENTATION_COMMENTS = YES;
				CLANG_WARN_EMPTY_BODY = YES;
				CLANG_WARN_ENUM_CONVERSION = YES;
				CLANG_WARN_INFINITE_RECURSION = YES;
				CLANG_WARN_INT_CONVERSION = YES;
				CLANG_WARN_NON_LITERAL_NULL_CONVERSION = YES;
				CLANG_WARN_OBJC_LITERAL_CONVERSION = YES;
				CLANG_WARN_OBJC_ROOT_CLASS = YES_ERROR;
				CLANG_WARN_RANGE_LOOP_ANALYSIS = YES;
				CLANG_WARN_STRICT_PROTOTYPES = YES;
				CLANG_WARN_SUSPICIOUS_MOVE = YES;
				CLANG_WARN_UNGUARDED_AVAILABILITY = YES_AGGRESSIVE;
				CLANG_WARN_UNREACHABLE_CODE = YES;
				CLANG_WARN__DUPLICATE_METHOD_MATCH = YES;
				CODE_SIGN_IDENTITY = "iPhone Developer";
				COPY_PHASE_STRIP = NO;
				DEBUG_INFORMATION_FORMAT = dwarf;
				ENABLE_STRICT_OBJC_MSGSEND = YES;
				ENABLE_TESTABILITY = YES;
				GCC_C_LANGUAGE_STANDARD = gnu11;
				GCC_DYNAMIC_NO_PIC = NO;
				GCC_NO_COMMON_BLOCKS = YES;
				GCC_OPTIMIZATION_LEVEL = 0;
				GCC_PREPROCESSOR_DEFINITIONS = (
					"DEBUG=1",
					"$(inherited)",
				);
				GCC_WARN_64_TO_32_BIT_CONVERSION = YES;
				GCC_WARN_ABOUT_RETURN_TYPE = YES_ERROR;
				GCC_WARN_UNDECLARED_SELECTOR = YES;
				GCC_WARN_UNINITIALIZED_AUTOS = YES_AGGRESSIVE;
				GCC_WARN_UNUSED_FUNCTION = YES;
				GCC_WARN_UNUSED_VARIABLE = YES;
				IPHONEOS_DEPLOYMENT_TARGET = 11.0;
				MTL_ENABLE_DEBUG_INFO = YES;
				ONLY_ACTIVE_ARCH = YES;
				SDKROOT = iphoneos;
				SWIFT_ACTIVE_COMPILATION_CONDITIONS = DEBUG;
				SWIFT_OPTIMIZATION_LEVEL = "-Onone";
			};
			name = Debug;
		};
		F524E09E1F85A713003E8312 /* Release */ = {
			isa = XCBuildConfiguration;
			buildSettings = {
				ALWAYS_SEARCH_USER_PATHS = NO;
				CLANG_ANALYZER_NONNULL = YES;
				CLANG_ANALYZER_NUMBER_OBJECT_CONVERSION = YES_AGGRESSIVE;
				CLANG_CXX_LANGUAGE_STANDARD = "gnu++14";
				CLANG_CXX_LIBRARY = "libc++";
				CLANG_ENABLE_MODULES = YES;
				CLANG_ENABLE_OBJC_ARC = YES;
				CLANG_WARN_BLOCK_CAPTURE_AUTORELEASING = YES;
				CLANG_WARN_BOOL_CONVERSION = YES;
				CLANG_WARN_COMMA = YES;
				CLANG_WARN_CONSTANT_CONVERSION = YES;
				CLANG_WARN_DIRECT_OBJC_ISA_USAGE = YES_ERROR;
				CLANG_WARN_DOCUMENTATION_COMMENTS = YES;
				CLANG_WARN_EMPTY_BODY = YES;
				CLANG_WARN_ENUM_CONVERSION = YES;
				CLANG_WARN_INFINITE_RECURSION = YES;
				CLANG_WARN_INT_CONVERSION = YES;
				CLANG_WARN_NON_LITERAL_NULL_CONVERSION = YES;
				CLANG_WARN_OBJC_LITERAL_CONVERSION = YES;
				CLANG_WARN_OBJC_ROOT_CLASS = YES_ERROR;
				CLANG_WARN_RANGE_LOOP_ANALYSIS = YES;
				CLANG_WARN_STRICT_PROTOTYPES = YES;
				CLANG_WARN_SUSPICIOUS_MOVE = YES;
				CLANG_WARN_UNGUARDED_AVAILABILITY = YES_AGGRESSIVE;
				CLANG_WARN_UNREACHABLE_CODE = YES;
				CLANG_WARN__DUPLICATE_METHOD_MATCH = YES;
				CODE_SIGN_IDENTITY = "iPhone Developer";
				COPY_PHASE_STRIP = NO;
				DEBUG_INFORMATION_FORMAT = "dwarf-with-dsym";
				ENABLE_NS_ASSERTIONS = NO;
				ENABLE_STRICT_OBJC_MSGSEND = YES;
				GCC_C_LANGUAGE_STANDARD = gnu11;
				GCC_NO_COMMON_BLOCKS = YES;
				GCC_WARN_64_TO_32_BIT_CONVERSION = YES;
				GCC_WARN_ABOUT_RETURN_TYPE = YES_ERROR;
				GCC_WARN_UNDECLARED_SELECTOR = YES;
				GCC_WARN_UNINITIALIZED_AUTOS = YES_AGGRESSIVE;
				GCC_WARN_UNUSED_FUNCTION = YES;
				GCC_WARN_UNUSED_VARIABLE = YES;
				IPHONEOS_DEPLOYMENT_TARGET = 11.0;
				MTL_ENABLE_DEBUG_INFO = NO;
				SDKROOT = iphoneos;
				SWIFT_OPTIMIZATION_LEVEL = "-Owholemodule";
				VALIDATE_PRODUCT = YES;
			};
			name = Release;
		};
		F524E0A01F85A713003E8312 /* Debug */ = {
			isa = XCBuildConfiguration;
			buildSettings = {
				ASSETCATALOG_COMPILER_APPICON_NAME = AppIcon;
				CODE_SIGN_STYLE = Automatic;
				INFOPLIST_FILE = "MAPD-F2017-MultiviewApp/Info.plist";
				LD_RUNPATH_SEARCH_PATHS = "$(inherited) @executable_path/Frameworks";
				PRODUCT_BUNDLE_IDENTIFIER = "Centennial.MAPD-F2017-MultiviewApp";
				PRODUCT_NAME = "$(TARGET_NAME)";
				SWIFT_VERSION = 4.0;
				TARGETED_DEVICE_FAMILY = "1,2";
			};
			name = Debug;
		};
		F524E0A11F85A713003E8312 /* Release */ = {
			isa = XCBuildConfiguration;
			buildSettings = {
				ASSETCATALOG_COMPILER_APPICON_NAME = AppIcon;
				CODE_SIGN_STYLE = Automatic;
				INFOPLIST_FILE = "MAPD-F2017-MultiviewApp/Info.plist";
				LD_RUNPATH_SEARCH_PATHS = "$(inherited) @executable_path/Frameworks";
				PRODUCT_BUNDLE_IDENTIFIER = "Centennial.MAPD-F2017-MultiviewApp";
				PRODUCT_NAME = "$(TARGET_NAME)";
				SWIFT_VERSION = 4.0;
				TARGETED_DEVICE_FAMILY = "1,2";
			};
			name = Release;
		};
/* End XCBuildConfiguration section */

/* Begin XCConfigurationList section */
		F524E0881F85A713003E8312 /* Build configuration list for PBXProject "MAPD-F2017-MultiviewApp" */ = {
			isa = XCConfigurationList;
			buildConfigurations = (
				F524E09D1F85A713003E8312 /* Debug */,
				F524E09E1F85A713003E8312 /* Release */,
			);
			defaultConfigurationIsVisible = 0;
			defaultConfigurationName = Release;
		};
		F524E09F1F85A713003E8312 /* Build configuration list for PBXNativeTarget "MAPD-F2017-MultiviewApp" */ = {
			isa = XCConfigurationList;
			buildConfigurations = (
				F524E0A01F85A713003E8312 /* Debug */,
				F524E0A11F85A713003E8312 /* Release */,
			);
			defaultConfigurationIsVisible = 0;
			defaultConfigurationName = Release;
		};
/* End XCConfigurationList section */
	};
	rootObject = F524E0851F85A713003E8312 /* Project object */;
}
